Microsoft Visual Studio Solution File, Format Version 12.00
# Visual Studio Version 17
VisualStudioVersion = 17.5.2.0
MinimumVisualStudioVersion = 10.0.40219.1
Project("{FAE04EC0-301F-11D3-BF4B-00C04F79EFBC}") = "TakingMedications", "TakingMedications.csproj", "{D9F68B3F-4FD8-606C-D354-FE927E0CE65A}"
EndProject
Global
	GlobalSection(SolutionConfigurationPlatforms) = preSolution
		Debug|Any CPU = Debug|Any CPU
		Release|Any CPU = Release|Any CPU
	EndGlobalSection
	GlobalSection(ProjectConfigurationPlatforms) = postSolution
		{D9F68B3F-4FD8-606C-D354-FE927E0CE65A}.Debug|Any CPU.ActiveCfg = Debug|Any CPU
		{D9F68B3F-4FD8-606C-D354-FE927E0CE65A}.Debug|Any CPU.Build.0 = Debug|Any CPU
		{D9F68B3F-4FD8-606C-D354-FE927E0CE65A}.Release|Any CPU.ActiveCfg = Release|Any CPU
		{D9F68B3F-4FD8-606C-D354-FE927E0CE65A}.Release|Any CPU.Build.0 = Release|Any CPU
	EndGlobalSection
	GlobalSection(SolutionProperties) = preSolution
		HideSolutionNode = FALSE
	EndGlobalSection
	GlobalSection(ExtensibilityGlobals) = postSolution
		SolutionGuid = {0461126E-1B11-47B3-A69F-D30FCCA395C9}
	EndGlobalSection
EndGlobal
